
Microsoft Visual Studio Solution File, Format Version 12.00
# Visual Studio 15
VisualStudioVersion = 15.0.28307.271
MinimumVisualStudioVersion = 10.0.40219.1
Project("{FAE04EC0-301F-11D3-BF4B-00C04F79EFBC}") = "HalloRessourcen", "HalloRessourcen\HalloRessourcen.csproj", "{7553987F-14A3-4A20-9FB4-423D6683A985}"
EndProject
Project("{FAE04EC0-301F-11D3-BF4B-00C04F79EFBC}") = "AAAAAMyStyles", "AAAAAMyStyles\AAAAAMyStyles.csproj", "{368311E9-ABA8-463A-BDFE-F30486612AAF}"
EndProject
Global
	GlobalSection(SolutionConfigurationPlatforms) = preSolution
		Debug|Any CPU = Debug|Any CPU
		Release|Any CPU = Release|Any CPU
	EndGlobalSection
	GlobalSection(ProjectConfigurationPlatforms) = postSolution
		{7553987F-14A3-4A20-9FB4-423D6683A985}.Debug|Any CPU.ActiveCfg = Debug|Any CPU
		{7553987F-14A3-4A20-9FB4-423D6683A985}.Debug|Any CPU.Build.0 = Debug|Any CPU
		{7553987F-14A3-4A20-9FB4-423D6683A985}.Release|Any CPU.ActiveCfg = Release|Any CPU
		{7553987F-14A3-4A20-9FB4-423D6683A985}.Release|Any CPU.Build.0 = Release|Any CPU
		{368311E9-ABA8-463A-BDFE-F30486612AAF}.Debug|Any CPU.ActiveCfg = Debug|Any CPU
		{368311E9-ABA8-463A-BDFE-F30486612AAF}.Debug|Any CPU.Build.0 = Debug|Any CPU
		{368311E9-ABA8-463A-BDFE-F30486612AAF}.Release|Any CPU.ActiveCfg = Release|Any CPU
		{368311E9-ABA8-463A-BDFE-F30486612AAF}.Release|Any CPU.Build.0 = Release|Any CPU
	EndGlobalSection
	GlobalSection(SolutionProperties) = preSolution
		HideSolutionNode = FALSE
	EndGlobalSection
	GlobalSection(ExtensibilityGlobals) = postSolution
		SolutionGuid = {C1FFD66B-1FE2-4B81-BFED-C5C47EB147EA}
	EndGlobalSection
EndGlobal
