
Microsoft Visual Studio Solution File, Format Version 12.00
# Visual Studio 15
VisualStudioVersion = 15.0.28307.271
MinimumVisualStudioVersion = 10.0.40219.1
Project("{FAE04EC0-301F-11D3-BF4B-00C04F79EFBC}") = "ppedv.StrawberrySledgehammer.Model", "ppedv.StrawberrySledgehammer.Model\ppedv.StrawberrySledgehammer.Model.csproj", "{0C799239-DBC2-407E-A8D7-38683ADD8471}"
EndProject
Project("{FAE04EC0-301F-11D3-BF4B-00C04F79EFBC}") = "ppedv.StrawberrySledgehammer.Data.EF", "ppedv.StrawberrySledgehammer.Data.EF\ppedv.StrawberrySledgehammer.Data.EF.csproj", "{3C04BE8C-DE6A-4C04-A6FA-37E3212F4C2D}"
EndProject
Project("{FAE04EC0-301F-11D3-BF4B-00C04F79EFBC}") = "ppedv.StrawberrySledgehammer.Data.EF.UI", "ppedv.StrawberrySledgehammer.Data.EF.UI\ppedv.StrawberrySledgehammer.Data.EF.UI.csproj", "{7BB4CC88-5044-46AB-BFFE-0E8118449692}"
EndProject
Global
	GlobalSection(SolutionConfigurationPlatforms) = preSolution
		Debug|Any CPU = Debug|Any CPU
		Release|Any CPU = Release|Any CPU
	EndGlobalSection
	GlobalSection(ProjectConfigurationPlatforms) = postSolution
		{0C799239-DBC2-407E-A8D7-38683ADD8471}.Debug|Any CPU.ActiveCfg = Debug|Any CPU
		{0C799239-DBC2-407E-A8D7-38683ADD8471}.Debug|Any CPU.Build.0 = Debug|Any CPU
		{0C799239-DBC2-407E-A8D7-38683ADD8471}.Release|Any CPU.ActiveCfg = Release|Any CPU
		{0C799239-DBC2-407E-A8D7-38683ADD8471}.Release|Any CPU.Build.0 = Release|Any CPU
		{3C04BE8C-DE6A-4C04-A6FA-37E3212F4C2D}.Debug|Any CPU.ActiveCfg = Debug|Any CPU
		{3C04BE8C-DE6A-4C04-A6FA-37E3212F4C2D}.Debug|Any CPU.Build.0 = Debug|Any CPU
		{3C04BE8C-DE6A-4C04-A6FA-37E3212F4C2D}.Release|Any CPU.ActiveCfg = Release|Any CPU
		{3C04BE8C-DE6A-4C04-A6FA-37E3212F4C2D}.Release|Any CPU.Build.0 = Release|Any CPU
		{7BB4CC88-5044-46AB-BFFE-0E8118449692}.Debug|Any CPU.ActiveCfg = Debug|Any CPU
		{7BB4CC88-5044-46AB-BFFE-0E8118449692}.Debug|Any CPU.Build.0 = Debug|Any CPU
		{7BB4CC88-5044-46AB-BFFE-0E8118449692}.Release|Any CPU.ActiveCfg = Release|Any CPU
		{7BB4CC88-5044-46AB-BFFE-0E8118449692}.Release|Any CPU.Build.0 = Release|Any CPU
	EndGlobalSection
	GlobalSection(SolutionProperties) = preSolution
		HideSolutionNode = FALSE
	EndGlobalSection
	GlobalSection(ExtensibilityGlobals) = postSolution
		SolutionGuid = {E6BE68DE-7AD9-463F-B5CD-8EBEBDFD01CF}
	EndGlobalSection
EndGlobal
