
Microsoft Visual Studio Solution File, Format Version 12.00
# Visual Studio 15
VisualStudioVersion = 15.0.28307.271
MinimumVisualStudioVersion = 10.0.40219.1
Project("{FAE04EC0-301F-11D3-BF4B-00C04F79EFBC}") = "HalloBinding", "HalloBinding\HalloBinding.csproj", "{1A1254F0-20B3-47D0-88DA-BEF37A93CABD}"
EndProject
Global
	GlobalSection(SolutionConfigurationPlatforms) = preSolution
		Debug|Any CPU = Debug|Any CPU
		Release|Any CPU = Release|Any CPU
	EndGlobalSection
	GlobalSection(ProjectConfigurationPlatforms) = postSolution
		{1A1254F0-20B3-47D0-88DA-BEF37A93CABD}.Debug|Any CPU.ActiveCfg = Debug|Any CPU
		{1A1254F0-20B3-47D0-88DA-BEF37A93CABD}.Debug|Any CPU.Build.0 = Debug|Any CPU
		{1A1254F0-20B3-47D0-88DA-BEF37A93CABD}.Release|Any CPU.ActiveCfg = Release|Any CPU
		{1A1254F0-20B3-47D0-88DA-BEF37A93CABD}.Release|Any CPU.Build.0 = Release|Any CPU
	EndGlobalSection
	GlobalSection(SolutionProperties) = preSolution
		HideSolutionNode = FALSE
	EndGlobalSection
	GlobalSection(ExtensibilityGlobals) = postSolution
		SolutionGuid = {2F5C7F34-3D26-43E2-9CA9-34C0A3D31BE8}
	EndGlobalSection
EndGlobal
