
Microsoft Visual Studio Solution File, Format Version 12.00
# Visual Studio 15
VisualStudioVersion = 15.0.28307.271
MinimumVisualStudioVersion = 10.0.40219.1
Project("{FAE04EC0-301F-11D3-BF4B-00C04F79EFBC}") = "LayoutÜbung1", "LayoutÜbung1\LayoutÜbung1.csproj", "{5ABACB95-395B-4AD2-BB27-730EAF555248}"
EndProject
Global
	GlobalSection(SolutionConfigurationPlatforms) = preSolution
		Debug|Any CPU = Debug|Any CPU
		Release|Any CPU = Release|Any CPU
	EndGlobalSection
	GlobalSection(ProjectConfigurationPlatforms) = postSolution
		{5ABACB95-395B-4AD2-BB27-730EAF555248}.Debug|Any CPU.ActiveCfg = Debug|Any CPU
		{5ABACB95-395B-4AD2-BB27-730EAF555248}.Debug|Any CPU.Build.0 = Debug|Any CPU
		{5ABACB95-395B-4AD2-BB27-730EAF555248}.Release|Any CPU.ActiveCfg = Release|Any CPU
		{5ABACB95-395B-4AD2-BB27-730EAF555248}.Release|Any CPU.Build.0 = Release|Any CPU
	EndGlobalSection
	GlobalSection(SolutionProperties) = preSolution
		HideSolutionNode = FALSE
	EndGlobalSection
	GlobalSection(ExtensibilityGlobals) = postSolution
		SolutionGuid = {F0BF8C69-F7A3-483F-85F9-2443222EE4CC}
	EndGlobalSection
EndGlobal
